{
  "version": 1,
  "dependencies": {
    "net7.0": {
      "Microsoft.Identity.Web": {
        "type": "Direct",
        "requested": "[2.13.2, )",
        "resolved": "2.13.2",
        "contentHash": "IJpoRzWgf13me3WfTukkWHaUoUFqb9gvC748Z11ArCZXV4ZvWPR2zfastdF1eKcyAwxmJ/GNPCZz/NCpvGengA==",
        "dependencies": {
          "Microsoft.Extensions.Http": "3.1.3",
          "Microsoft.Identity.Web.Certificate": "2.13.2",
          "Microsoft.Identity.Web.Certificateless": "2.13.2",
          "Microsoft.Identity.Web.TokenAcquisition": "2.13.2",
          "Microsoft.Identity.Web.TokenCache": "2.13.2",
          "Microsoft.IdentityModel.Protocols.OpenIdConnect": "6.32.0",
          "Microsoft.IdentityModel.Validators": "6.32.0",
          "System.Drawing.Common": "4.7.2",
          "System.IdentityModel.Tokens.Jwt": "6.32.0",
          "System.Text.Encodings.Web": "7.0.0"
        }
      },
      "Microsoft.Identity.Web.MicrosoftGraph": {
        "type": "Direct",
        "requested": "[2.13.2, )",
        "resolved": "2.13.2",
        "contentHash": "ruT2m5OrK6uiQRCvTgqA/vFIzwaauMfBn2KP4ku4hz60JMJ6e6Y7L+1n0xh2YEgJolmzFwyTv6ZzkrLi/LPEdA==",
        "dependencies": {
          "Microsoft.Graph": "4.34.0",
          "Microsoft.Identity.Web.TokenAcquisition": "2.13.2"
        }
      },
      "Microsoft.Identity.Web.UI": {
        "type": "Direct",
        "requested": "[2.13.2, )",
        "resolved": "2.13.2",
        "contentHash": "PRitKLQk7jQ25qcCzIUjcTFZWbw+UVvHztijodS5zHVVpDONjzJIHFQXwwK8HhHSjlEtRy6kjIpw7Yd426mj7Q==",
        "dependencies": {
          "Microsoft.Identity.Web": "2.13.2"
        }
      },
      "Serilog.AspNetCore": {
        "type": "Direct",
        "requested": "[7.0.0, )",
        "resolved": "7.0.0",
        "contentHash": "F6p6rzOmg/R0EPI/PjJXcAlhCzusW5+xFx8kbsy6mJ6/mHI6wWWPxZbsLPoAYTpMiopKFl7HZhAr//KABGHtBQ==",
        "dependencies": {
          "Microsoft.Extensions.DependencyInjection": "7.0.0",
          "Microsoft.Extensions.Logging": "7.0.0",
          "Serilog": "2.12.0",
          "Serilog.Extensions.Hosting": "7.0.0",
          "Serilog.Formatting.Compact": "1.1.0",
          "Serilog.Settings.Configuration": "7.0.0",
          "Serilog.Sinks.Console": "4.0.1",
          "Serilog.Sinks.Debug": "2.0.0",
          "Serilog.Sinks.File": "5.0.0"
        }
      },
      "Azure.Core": {
        "type": "Transitive",
        "resolved": "1.24.0",
        "contentHash": "+/qI1j2oU1S4/nvxb2k/wDsol00iGf1AyJX5g3epV7eOpQEP/2xcgh/cxgKMeFgn3U2fmgSiBnQZdkV+l5y0Uw==",
        "dependencies": {
          "Microsoft.Bcl.AsyncInterfaces": "1.1.1",
          "System.Diagnostics.DiagnosticSource": "4.6.0",
          "System.Memory.Data": "1.0.2",
          "System.Numerics.Vectors": "4.5.0",
          "System.Text.Encodings.Web": "4.7.2",
          "System.Text.Json": "4.7.2",
          "System.Threading.Tasks.Extensions": "4.5.4"
        }
      },
      "Azure.Identity": {
        "type": "Transitive",
        "resolved": "1.3.0",
        "contentHash": "l1SYfZKOFBuUFG7C2SWHmJcrQQaiXgBdVCycx4vcZQkC6efDVt7mzZ5pfJAFEJDBUq7mjRQ0RPq9ZDGdSswqMg==",
        "dependencies": {
          "Azure.Core": "1.6.0",
          "Microsoft.Identity.Client": "4.22.0",
          "Microsoft.Identity.Client.Extensions.Msal": "2.16.5",
          "System.Memory": "4.5.3",
          "System.Security.Cryptography.ProtectedData": "4.5.0",
          "System.Text.Json": "4.6.0",
          "System.Threading.Tasks.Extensions": "4.5.2"
        }
      },
      "Azure.Security.KeyVault.Certificates": {
        "type": "Transitive",
        "resolved": "4.1.0",
        "contentHash": "I+irkjO1JBzJWYBLhW835/b7GllxkjMbQwrirhxUJsf6FQnH+eIGin4T/jBLgyuu1zPsn2AxiUFju6Shb/uiNA==",
        "dependencies": {
          "Azure.Core": "1.0.2",
          "System.Memory": "4.5.3",
          "System.Text.Json": "4.6.0",
          "System.Threading.Tasks.Extensions": "4.5.2"
        }
      },
      "Azure.Security.KeyVault.Secrets": {
        "type": "Transitive",
        "resolved": "4.1.0",
        "contentHash": "SK4XTPEaXI5UTdtSkr8TN4ZKnvazNHhybnnkxHgOyRAhV9ObcIjbrNlhS4ZeR8XtI+HidL+v/WIIVfR1+jKB8Q==",
        "dependencies": {
          "Azure.Core": "1.0.2",
          "System.Memory": "4.5.3",
          "System.Text.Json": "4.6.0",
          "System.Threading.Tasks.Extensions": "4.5.2"
        }
      },
      "Microsoft.AspNetCore.Authentication.JwtBearer": {
        "type": "Transitive",
        "resolved": "7.0.1",
        "contentHash": "2pZZ1GQExpBV8xdRoS1RbopSXBnZBN6INA4KBb8utk6BDLzqHzfF7PCVPRS9YuPx/UHVOU8SJiPjWpcxTsvghw==",
        "dependencies": {
          "Microsoft.IdentityModel.Protocols.OpenIdConnect": "6.15.1"
        }
      },
      "Microsoft.AspNetCore.Authentication.OpenIdConnect": {
        "type": "Transitive",
        "resolved": "7.0.1",
        "contentHash": "HTEPkaslzcrlMnqwc08yoU0TU5lNmgWVWgRsPJomvMbKzNozf3acsvA2hAeFVDHoJNBZmJm7Jhy3+pHmbzK0uQ==",
        "dependencies": {
          "Microsoft.IdentityModel.Protocols.OpenIdConnect": "6.15.1"
        }
      },
      "Microsoft.AspNetCore.Cryptography.Internal": {
        "type": "Transitive",
        "resolved": "7.0.9",
        "contentHash": "KLuY2N0SOEFEU0B9AgM0Idgn08mu2/4nk2biW9uG9TiYC7Pm2Z6AfxHbTV+dQnYK34lEt27A+EhwI6NzQVhvxg=="
      },
      "Microsoft.AspNetCore.DataProtection": {
        "type": "Transitive",
        "resolved": "7.0.9",
        "contentHash": "qImU4TKXSBBzaojg1VlN78DsoKZTEk1J5bfPRkOjU6Q7UkSgk4gshVr8SD/1p7GGjq1AdtJ5QXMcQGiMLjRG8w==",
        "dependencies": {
          "Microsoft.AspNetCore.Cryptography.Internal": "7.0.9",
          "Microsoft.AspNetCore.DataProtection.Abstractions": "7.0.9",
          "Microsoft.Extensions.DependencyInjection.Abstractions": "7.0.0",
          "Microsoft.Extensions.Hosting.Abstractions": "7.0.0",
          "Microsoft.Extensions.Logging.Abstractions": "7.0.1",
          "Microsoft.Extensions.Options": "7.0.1",
          "System.Security.Cryptography.Xml": "7.0.1"
        }
      },
      "Microsoft.AspNetCore.DataProtection.Abstractions": {
        "type": "Transitive",
        "resolved": "7.0.9",
        "contentHash": "0vm+EqZq5NQdvOxPCTkjMgvXsSMurteBDZFjoTrPyc9UmfEr1Dij4NsMGU5cr3KelZ343VE8+4nEt5VSjXKmfg=="
      },
      "Microsoft.Bcl.AsyncInterfaces": {
        "type": "Transitive",
        "resolved": "1.1.1",
        "contentHash": "yuvf07qFWFqtK3P/MRkEKLhn5r2UbSpVueRziSqj0yJQIKFwG1pq9mOayK3zE5qZCTs0CbrwL9M6R8VwqyGy2w=="
      },
      "Microsoft.CSharp": {
        "type": "Transitive",
        "resolved": "4.5.0",
        "contentHash": "kaj6Wb4qoMuH3HySFJhxwQfe8R/sJsNJnANrvv8WdFPMoNbKY5htfNscv+LHCu5ipz+49m2e+WQXpLXr9XYemQ=="
      },
      "Microsoft.Extensions.Caching.Abstractions": {
        "type": "Transitive",
        "resolved": "7.0.0",
        "contentHash": "IeimUd0TNbhB4ded3AbgBLQv2SnsiVugDyGV1MvspQFVlA07nDC7Zul7kcwH5jWN3JiTcp/ySE83AIJo8yfKjg==",
        "dependencies": {
          "Microsoft.Extensions.Primitives": "7.0.0"
        }
      },
      "Microsoft.Extensions.Caching.Memory": {
        "type": "Transitive",
        "resolved": "7.0.0",
        "contentHash": "xpidBs2KCE2gw1JrD0quHE72kvCaI3xFql5/Peb2GRtUuZX+dYPoK/NTdVMiM67Svym0M0Df9A3xyU0FbMQhHw==",
        "dependencies": {
          "Microsoft.Extensions.Caching.Abstractions": "7.0.0",
          "Microsoft.Extensions.DependencyInjection.Abstractions": "7.0.0",
          "Microsoft.Extensions.Logging.Abstractions": "7.0.0",
          "Microsoft.Extensions.Options": "7.0.0",
          "Microsoft.Extensions.Primitives": "7.0.0"
        }
      },
      "Microsoft.Extensions.Configuration.Abstractions": {
        "type": "Transitive",
        "resolved": "7.0.0",
        "contentHash": "f34u2eaqIjNO9YLHBz8rozVZ+TcFiFs0F3r7nUJd7FRkVSxk8u4OpoK226mi49MwexHOR2ibP9MFvRUaLilcQQ==",
        "dependencies": {
          "Microsoft.Extensions.Primitives": "7.0.0"
        }
      },
      "Microsoft.Extensions.Configuration.Binder": {
        "type": "Transitive",
        "resolved": "7.0.0",
        "contentHash": "tgU4u7bZsoS9MKVRiotVMAwHtbREHr5/5zSEV+JPhg46+ox47Au84E3D2IacAaB0bk5ePNaNieTlPrfjbbRJkg==",
        "dependencies": {
          "Microsoft.Extensions.Configuration.Abstractions": "7.0.0"
        }
      },
      "Microsoft.Extensions.DependencyInjection": {
        "type": "Transitive",
        "resolved": "7.0.0",
        "contentHash": "elNeOmkeX3eDVG6pYVeV82p29hr+UKDaBhrZyWvWLw/EVZSYEkZlQdkp0V39k/Xehs2Qa0mvoCvkVj3eQxNQ1Q==",
        "dependencies": {
          "Microsoft.Extensions.DependencyInjection.Abstractions": "7.0.0"
        }
      },
      "Microsoft.Extensions.DependencyInjection.Abstractions": {
        "type": "Transitive",
        "resolved": "7.0.0",
        "contentHash": "h3j/QfmFN4S0w4C2A6X7arXij/M/OVw3uQHSOFxnND4DyAzO1F9eMX7Eti7lU/OkSthEE0WzRsfT/Dmx86jzCw=="
      },
      "Microsoft.Extensions.DependencyModel": {
        "type": "Transitive",
        "resolved": "7.0.0",
        "contentHash": "oONNYd71J3LzkWc4fUHl3SvMfiQMYUCo/mDHDEu76hYYxdhdrPYv6fvGv9nnKVyhE9P0h20AU8RZB5OOWQcAXg==",
        "dependencies": {
          "System.Text.Encodings.Web": "7.0.0",
          "System.Text.Json": "7.0.0"
        }
      },
      "Microsoft.Extensions.FileProviders.Abstractions": {
        "type": "Transitive",
        "resolved": "7.0.0",
        "contentHash": "NyawiW9ZT/liQb34k9YqBSNPLuuPkrjMgQZ24Y/xXX1RoiBkLUdPMaQTmxhZ5TYu8ZKZ9qayzil75JX95vGQUg==",
        "dependencies": {
          "Microsoft.Extensions.Primitives": "7.0.0"
        }
      },
      "Microsoft.Extensions.Hosting.Abstractions": {
        "type": "Transitive",
        "resolved": "7.0.0",
        "contentHash": "43n9Je09z0p/7ViPxfRqs5BUItRLNVh5b6JH40F2Agkh2NBsY/jpNYTtbCcxrHCsA3oRmbR6RJBzUutB4VZvNQ==",
        "dependencies": {
          "Microsoft.Extensions.Configuration.Abstractions": "7.0.0",
          "Microsoft.Extensions.DependencyInjection.Abstractions": "7.0.0",
          "Microsoft.Extensions.FileProviders.Abstractions": "7.0.0"
        }
      },
      "Microsoft.Extensions.Http": {
        "type": "Transitive",
        "resolved": "3.1.3",
        "contentHash": "QV5ODk9CFm+//AsZQSm8sH33Li1a19PTy44Ln+FCd7YnNRcxxXgZGNCdQtJpKFBpaLjfdfaGUfqWWq3LID1GdA==",
        "dependencies": {
          "Microsoft.Extensions.DependencyInjection.Abstractions": "3.1.3",
          "Microsoft.Extensions.Logging": "3.1.3",
          "Microsoft.Extensions.Options": "3.1.3"
        }
      },
      "Microsoft.Extensions.Logging": {
        "type": "Transitive",
        "resolved": "7.0.0",
        "contentHash": "Nw2muoNrOG5U5qa2ZekXwudUn2BJcD41e65zwmDHb1fQegTX66UokLWZkJRpqSSHXDOWZ5V0iqhbxOEky91atA==",
        "dependencies": {
          "Microsoft.Extensions.DependencyInjection": "7.0.0",
          "Microsoft.Extensions.DependencyInjection.Abstractions": "7.0.0",
          "Microsoft.Extensions.Logging.Abstractions": "7.0.0",
          "Microsoft.Extensions.Options": "7.0.0"
        }
      },
      "Microsoft.Extensions.Logging.Abstractions": {
        "type": "Transitive",
        "resolved": "7.0.1",
        "contentHash": "pkeBFx0vqMW/A3aUVHh7MPu3WkBhaVlezhSZeb1c9XD0vUReYH1TLFSy5MxJgZfmz5LZzYoErMorlYZiwpOoNA=="
      },
      "Microsoft.Extensions.Options": {
        "type": "Transitive",
        "resolved": "7.0.1",
        "contentHash": "pZRDYdN1FpepOIfHU62QoBQ6zdAoTvnjxFfqAzEd9Jhb2dfhA5i6jeTdgGgcgTWFRC7oT0+3XrbQu4LjvgX1Nw==",
        "dependencies": {
          "Microsoft.Extensions.DependencyInjection.Abstractions": "7.0.0",
          "Microsoft.Extensions.Primitives": "7.0.0"
        }
      },
      "Microsoft.Extensions.Options.ConfigurationExtensions": {
        "type": "Transitive",
        "resolved": "7.0.0",
        "contentHash": "95UnxZkkFdXxF6vSrtJsMHCzkDeSMuUWGs2hDT54cX+U5eVajrCJ3qLyQRW+CtpTt5OJ8bmTvpQVHu1DLhH+cA==",
        "dependencies": {
          "Microsoft.Extensions.Configuration.Abstractions": "7.0.0",
          "Microsoft.Extensions.Configuration.Binder": "7.0.0",
          "Microsoft.Extensions.DependencyInjection.Abstractions": "7.0.0",
          "Microsoft.Extensions.Options": "7.0.0",
          "Microsoft.Extensions.Primitives": "7.0.0"
        }
      },
      "Microsoft.Extensions.Primitives": {
        "type": "Transitive",
        "resolved": "7.0.0",
        "contentHash": "um1KU5kxcRp3CNuI8o/GrZtD4AIOXDk+RLsytjZ9QPok3ttLUelLKpilVPuaFT3TFjOhSibUAso0odbOaCDj3Q=="
      },
      "Microsoft.Graph": {
        "type": "Transitive",
        "resolved": "4.34.0",
        "contentHash": "SXoDYVOcNsaHpChkQoCXXjnO85njCzTnP1O0p5b/OjJil59fGvFXUWm9bGgNPoQowx0U/arAG6IoZtxJ44Kezw==",
        "dependencies": {
          "Microsoft.Graph.Core": "2.0.9"
        }
      },
      "Microsoft.Graph.Core": {
        "type": "Transitive",
        "resolved": "2.0.9",
        "contentHash": "7SXd7tFMxpsSq+0Oywg5QAZCBON93g1PF3vQoL6LSaxMI94pe4q3D8pXiA8py7di/rT/HvojWyG7dnz7gZJPjg==",
        "dependencies": {
          "Azure.Core": "1.24.0",
          "Microsoft.Identity.Client": "4.44.0",
          "Microsoft.IdentityModel.Protocols.OpenIdConnect": "6.19.0",
          "System.Diagnostics.DiagnosticSource": "4.7.1",
          "System.Security.Claims": "4.3.0",
          "System.Text.Json": "6.0.4"
        }
      },
      "Microsoft.Identity.Abstractions": {
        "type": "Transitive",
        "resolved": "4.0.0",
        "contentHash": "hw2Ur9h1/1rX3ZYOyKWwmkO3XLVRl+pm/IFFySHQwyfdAWxAs5J42H/avS2nkZ0AZgjwCIon5Ib+mzdJ6bhKYg=="
      },
      "Microsoft.Identity.Client": {
        "type": "Transitive",
        "resolved": "4.55.0",
        "contentHash": "yjX1mbDvQ0Q1Zfa3REcv21B8Tz8RHTw6yYdDfV282VJwBbQE9CeLEurVbeR6DwjMIq4+/Gegp6Ll82zaWisCwg==",
        "dependencies": {
          "Microsoft.IdentityModel.Abstractions": "6.22.0"
        }
      },
      "Microsoft.Identity.Client.Extensions.Msal": {
        "type": "Transitive",
        "resolved": "2.16.5",
        "contentHash": "VlGUZEpF8KP/GCfFI59sdE0WA0o9quqwM1YQY0dSp6jpGy5EOBkureaybLfpwCuYUUjQbLkN2p7neUIcQCfbzA==",
        "dependencies": {
          "Microsoft.Identity.Client": "4.22.0",
          "System.Security.Cryptography.ProtectedData": "4.5.0"
        }
      },
      "Microsoft.Identity.Web.Certificate": {
        "type": "Transitive",
        "resolved": "2.13.2",
        "contentHash": "301SpFBbdqO2LfbpQJk8F7dK4cNf1WCZ7FHbLG96wJSPZIRSbqPW4hTJll0Fwm7ADnXRfxQ2J9Iq6+f2bnfpyw==",
        "dependencies": {
          "Azure.Identity": "1.3.0",
          "Azure.Security.KeyVault.Certificates": "4.1.0",
          "Azure.Security.KeyVault.Secrets": "4.1.0",
          "Microsoft.Identity.Abstractions": "4.0.0",
          "Microsoft.Identity.Web.Certificateless": "2.13.2",
          "Microsoft.Identity.Web.Diagnostics": "2.13.2",
          "System.Text.Encodings.Web": "7.0.0"
        }
      },
      "Microsoft.Identity.Web.Certificateless": {
        "type": "Transitive",
        "resolved": "2.13.2",
        "contentHash": "lymXxuJxYglgXnTzKmAiupBa6q8LO1XpSrdhgKCX/59rxD2wtE7ShgkU9R0DvE6ywC8qC/uP83l8gi9Hlt8iOQ==",
        "dependencies": {
          "Azure.Identity": "1.3.0",
          "Microsoft.Extensions.Logging.Abstractions": "2.1.0",
          "Microsoft.IdentityModel.JsonWebTokens": "6.32.0",
          "System.Text.Encodings.Web": "4.7.2"
        }
      },
      "Microsoft.Identity.Web.Diagnostics": {
        "type": "Transitive",
        "resolved": "2.13.2",
        "contentHash": "DDjwRQHpXnNxv8V817amVO+9XjrItPGTzEkwLGF5i4e/D7oHruvzTLYik3hv76SLffiTdKvMYV4VQF7R1VQgjA=="
      },
      "Microsoft.Identity.Web.TokenAcquisition": {
        "type": "Transitive",
        "resolved": "2.13.2",
        "contentHash": "phVH2rTkkzJFsoirptKmqdje3Hez+gAePYHgZwBYswsF8/DLTvmX76Q0zUERXrun6gPBrg6SLgDSsKqRDycwxw==",
        "dependencies": {
          "Microsoft.AspNetCore.Authentication.JwtBearer": "7.0.1",
          "Microsoft.AspNetCore.Authentication.OpenIdConnect": "7.0.1",
          "Microsoft.Extensions.Http": "3.1.3",
          "Microsoft.Extensions.Options.ConfigurationExtensions": "7.0.0",
          "Microsoft.Identity.Abstractions": "4.0.0",
          "Microsoft.Identity.Web.Certificate": "2.13.2",
          "Microsoft.Identity.Web.Certificateless": "2.13.2",
          "Microsoft.Identity.Web.TokenCache": "2.13.2",
          "Microsoft.IdentityModel.Logging": "6.32.0",
          "Microsoft.IdentityModel.LoggingExtensions": "6.32.0",
          "Microsoft.IdentityModel.Protocols.OpenIdConnect": "6.32.0",
          "System.IdentityModel.Tokens.Jwt": "6.32.0",
          "System.Text.Encodings.Web": "7.0.0"
        }
      },
      "Microsoft.Identity.Web.TokenCache": {
        "type": "Transitive",
        "resolved": "2.13.2",
        "contentHash": "fMtbQW6y8FcimnJtc+Qk3UpbUgTFE//zUlIxmVG8QS3vvx9DozpHouBR6yqdo0OMQmubKqIpNdXoqo0AWWNQhA==",
        "dependencies": {
          "Microsoft.AspNetCore.DataProtection": "7.0.9",
          "Microsoft.Extensions.Caching.Memory": "7.0.0",
          "Microsoft.Extensions.Logging": "7.0.0",
          "Microsoft.Identity.Client": "4.55.0",
          "Microsoft.Identity.Web.Diagnostics": "2.13.2",
          "System.Drawing.Common": "4.7.2",
          "System.Security.Cryptography.Pkcs": "7.0.2",
          "System.Security.Cryptography.Xml": "7.0.1",
          "System.Text.Encodings.Web": "7.0.0"
        }
      },
      "Microsoft.IdentityModel.Abstractions": {
        "type": "Transitive",
        "resolved": "6.32.0",
        "contentHash": "um663JITPLjIEXtSDdKfqUzukOR4fnzAdx9FyO9maQ8WSl0Ds4doe6uu45DpzUciPCOujdkUX524AKkI2krtHw=="
      },
      "Microsoft.IdentityModel.JsonWebTokens": {
        "type": "Transitive",
        "resolved": "6.32.0",
        "contentHash": "KhsKejXFKbMFe3aw/2yHvOz2Go5MS1PmdcUL/Ydg9I4vak9qG5zxLcWzlns9HcFFeSlvdu/xyeW+wB5v/4lEUQ==",
        "dependencies": {
          "Microsoft.IdentityModel.Tokens": "6.32.0",
          "System.Text.Encoding": "4.3.0",
          "System.Text.Encodings.Web": "4.7.2",
          "System.Text.Json": "4.7.2"
        }
      },
      "Microsoft.IdentityModel.Logging": {
        "type": "Transitive",
        "resolved": "6.32.0",
        "contentHash": "+hHJNxVh7ZINcXcUoR7lnLA5GuOfrdTe8YFUoS8Ph9mkZKgkthNLmajLK+LOXaGwbXN4csHOBW7HSAS8z++o6A==",
        "dependencies": {
          "Microsoft.IdentityModel.Abstractions": "6.32.0"
        }
      },
      "Microsoft.IdentityModel.LoggingExtensions": {
        "type": "Transitive",
        "resolved": "6.32.0",
        "contentHash": "HdArLDsUd9ddNFKo7FA2K5BhYvT8s2ibIJxAq9V3REz88LITSOVzvFA/QOgpH9al59QfXteQG+Gsyil2gep/XA==",
        "dependencies": {
          "Microsoft.Extensions.Logging.Abstractions": "2.1.1",
          "Microsoft.IdentityModel.Abstractions": "6.32.0"
        }
      },
      "Microsoft.IdentityModel.Protocols": {
        "type": "Transitive",
        "resolved": "6.32.0",
        "contentHash": "rHNZ0AWlIJb/rJWaD6/7m9UYAb+TXZRcZ5QPqvBxRz7HfovQAyPO1MNZAE6ex8Q4RuthqQVVMD8CyKfRAop/wQ==",
        "dependencies": {
          "Microsoft.IdentityModel.Logging": "6.32.0",
          "Microsoft.IdentityModel.Tokens": "6.32.0"
        }
      },
      "Microsoft.IdentityModel.Protocols.OpenIdConnect": {
        "type": "Transitive",
        "resolved": "6.32.0",
        "contentHash": "yxluF9Yghwjrp2N1kcnZpkbJJyIFWF6RYF2SPQJBsItE9sKaFAypGHZ2EK9YcdewDHj+5+iP6IGzlQF9HlWKeQ==",
        "dependencies": {
          "Microsoft.IdentityModel.Protocols": "6.32.0",
          "System.IdentityModel.Tokens.Jwt": "6.32.0"
        }
      },
      "Microsoft.IdentityModel.Tokens": {
        "type": "Transitive",
        "resolved": "6.32.0",
        "contentHash": "+5/SF2KhDmudpANOKf9LhKoljV05053KAxlp7ITEoTtgMomWcfSwliMooG6IzwAuP4jlOD/f86/YSXCmdjqodQ==",
        "dependencies": {
          "Microsoft.CSharp": "4.5.0",
          "Microsoft.IdentityModel.Logging": "6.32.0",
          "System.Security.Cryptography.Cng": "4.5.0"
        }
      },
      "Microsoft.IdentityModel.Validators": {
        "type": "Transitive",
        "resolved": "6.32.0",
        "contentHash": "MSKEMxjgeUZbuUQfT0+V3pS3sInBHe/X6mGTQVE7YYd4R0OkCSjRQ2FBIWPfmw1Fng859gkH16QtoCYCuwyXow==",
        "dependencies": {
          "Microsoft.IdentityModel.Protocols": "6.32.0",
          "Microsoft.IdentityModel.Protocols.OpenIdConnect": "6.32.0",
          "Microsoft.IdentityModel.Tokens": "6.32.0",
          "System.IdentityModel.Tokens.Jwt": "6.32.0"
        }
      },
      "Microsoft.NETCore.Platforms": {
        "type": "Transitive",
        "resolved": "3.1.4",
        "contentHash": "9/y05/CuxE+j184Nr4KihhB9KcUkvGojmD4JV4Vt/mHhVZR+eOCD5WCM+CXye9K0OFMsaPXbN+IcaIpjgBGZmg=="
      },
      "Microsoft.NETCore.Targets": {
        "type": "Transitive",
        "resolved": "1.1.0",
        "contentHash": "aOZA3BWfz9RXjpzt0sRJJMjAscAUm3Hoa4UWAfceV9UTYxgwZ1lZt5nO2myFf+/jetYQo4uTP7zS8sJY67BBxg=="
      },
      "Microsoft.Win32.SystemEvents": {
        "type": "Transitive",
        "resolved": "4.7.0",
        "contentHash": "mtVirZr++rq+XCDITMUdnETD59XoeMxSpLRIII7JRI6Yj0LEDiO1pPn0ktlnIj12Ix8bfvQqQDMMIF9wC98oCA==",
        "dependencies": {
          "Microsoft.NETCore.Platforms": "3.1.0"
        }
      },
      "Serilog": {
        "type": "Transitive",
        "resolved": "2.12.0",
        "contentHash": "xaiJLIdu6rYMKfQMYUZgTy8YK7SMZjB4Yk50C/u//Z4OsvxkUfSPJy4nknfvwAC34yr13q7kcyh4grbwhSxyZg=="
      },
      "Serilog.Extensions.Hosting": {
        "type": "Transitive",
        "resolved": "7.0.0",
        "contentHash": "AWsDTs6TeCtyXYDWakzLXCOZA3/IdIfBWBwkYAF0ZvVktVr3E15oYP9pfI7GzKaGVmHaJF9TgFQnFEfcnzEkcw==",
        "dependencies": {
          "Microsoft.Extensions.DependencyInjection.Abstractions": "7.0.0",
          "Microsoft.Extensions.Hosting.Abstractions": "7.0.0",
          "Microsoft.Extensions.Logging.Abstractions": "7.0.0",
          "Serilog": "2.12.0",
          "Serilog.Extensions.Logging": "7.0.0"
        }
      },
      "Serilog.Extensions.Logging": {
        "type": "Transitive",
        "resolved": "7.0.0",
        "contentHash": "9faU0zNQqU7I6soVhLUMYaGNpgWv6cKlKb2S5AnS8gXxzW/em5Ladm/6FMrWTnX41cdbdGPOWNAo6adi4WaJ6A==",
        "dependencies": {
          "Microsoft.Extensions.Logging": "7.0.0",
          "Serilog": "2.12.0"
        }
      },
      "Serilog.Formatting.Compact": {
        "type": "Transitive",
        "resolved": "1.1.0",
        "contentHash": "pNroKVjo+rDqlxNG5PXkRLpfSCuDOBY0ri6jp9PLe505ljqwhwZz8ospy2vWhQlFu5GkIesh3FcDs4n7sWZODA==",
        "dependencies": {
          "Serilog": "2.8.0"
        }
      },
      "Serilog.Settings.Configuration": {
        "type": "Transitive",
        "resolved": "7.0.0",
        "contentHash": "MlabSn74uXAGKNv9WWDdGejmsr7cKhsfi98ZtdeK119s4lTLp+hakBtnPm8OvXNUvtXYs2ijXKA0tIy4IMnjWQ==",
        "dependencies": {
          "Microsoft.Extensions.Configuration.Binder": "7.0.0",
          "Microsoft.Extensions.DependencyModel": "7.0.0",
          "Serilog": "2.12.0"
        }
      },
      "Serilog.Sinks.Console": {
        "type": "Transitive",
        "resolved": "4.0.1",
        "contentHash": "apLOvSJQLlIbKlbx+Y2UDHSP05kJsV7mou+fvJoRGs/iR+jC22r8cuFVMjjfVxz/AD4B2UCltFhE1naRLXwKNw==",
        "dependencies": {
          "Serilog": "2.10.0"
        }
      },
      "Serilog.Sinks.Debug": {
        "type": "Transitive",
        "resolved": "2.0.0",
        "contentHash": "Y6g3OBJ4JzTyyw16fDqtFcQ41qQAydnEvEqmXjhwhgjsnG/FaJ8GUqF5ldsC/bVkK8KYmqrPhDO+tm4dF6xx4A==",
        "dependencies": {
          "Serilog": "2.10.0"
        }
      },
      "Serilog.Sinks.File": {
        "type": "Transitive",
        "resolved": "5.0.0",
        "contentHash": "uwV5hdhWPwUH1szhO8PJpFiahqXmzPzJT/sOijH/kFgUx+cyoDTMM8MHD0adw9+Iem6itoibbUXHYslzXsLEAg==",
        "dependencies": {
          "Serilog": "2.10.0"
        }
      },
      "System.Collections": {
        "type": "Transitive",
        "resolved": "4.3.0",
        "contentHash": "3Dcj85/TBdVpL5Zr+gEEBUuFe2icOnLalmEh9hfck1PTYbbyWuZgh4fmm2ysCLTrqLQw6t3TgTyJ+VLp+Qb+Lw==",
        "dependencies": {
          "Microsoft.NETCore.Platforms": "1.1.0",
          "Microsoft.NETCore.Targets": "1.1.0",
          "System.Runtime": "4.3.0"
        }
      },
      "System.Diagnostics.DiagnosticSource": {
        "type": "Transitive",
        "resolved": "4.7.1",
        "contentHash": "j81Lovt90PDAq8kLpaJfJKV/rWdWuEk6jfV+MBkee33vzYLEUsy4gXK8laa9V2nZlLM9VM9yA/OOQxxPEJKAMw=="
      },
      "System.Drawing.Common": {
        "type": "Transitive",
        "resolved": "4.7.2",
        "contentHash": "I2y4KBK3VCvU/WqE2xv7NjQ67maXHttkFSHYKgU2evrG9Yqh0oFjfORXt5hZTk+BVjdyFo2h0/YQZsca33BGmg==",
        "dependencies": {
          "Microsoft.NETCore.Platforms": "3.1.4",
          "Microsoft.Win32.SystemEvents": "4.7.0"
        }
      },
      "System.Formats.Asn1": {
        "type": "Transitive",
        "resolved": "7.0.0",
        "contentHash": "+nfpV0afLmvJW8+pLlHxRjz3oZJw4fkyU9MMEaMhCsHi/SN9bGF9q79ROubDiwTiCHezmK0uCWkPP7tGFP/4yg=="
      },
      "System.Globalization": {
        "type": "Transitive",
        "resolved": "4.3.0",
        "contentHash": "kYdVd2f2PAdFGblzFswE4hkNANJBKRmsfa2X5LG2AcWE1c7/4t0pYae1L8vfZ5xvE2nK/R9JprtToA61OSHWIg==",
        "dependencies": {
          "Microsoft.NETCore.Platforms": "1.1.0",
          "Microsoft.NETCore.Targets": "1.1.0",
          "System.Runtime": "4.3.0"
        }
      },
      "System.IdentityModel.Tokens.Jwt": {
        "type": "Transitive",
        "resolved": "6.32.0",
        "contentHash": "SgegM/R/pugCrR9qmDSK9amFl8lazRZG1a1nI4qSpZ2gJBlqqrPM+U9DgHdBb5cMvPmjiRo69HAaCI/5JqFQIw==",
        "dependencies": {
          "Microsoft.IdentityModel.JsonWebTokens": "6.32.0",
          "Microsoft.IdentityModel.Tokens": "6.32.0"
        }
      },
      "System.IO": {
        "type": "Transitive",
        "resolved": "4.3.0",
        "contentHash": "3qjaHvxQPDpSOYICjUoTsmoq5u6QJAFRUITgeT/4gqkF1bajbSmb1kwSxEA8AHlofqgcKJcM8udgieRNhaJ5Cg==",
        "dependencies": {
          "Microsoft.NETCore.Platforms": "1.1.0",
          "Microsoft.NETCore.Targets": "1.1.0",
          "System.Runtime": "4.3.0",
          "System.Text.Encoding": "4.3.0",
          "System.Threading.Tasks": "4.3.0"
        }
      },
      "System.Memory": {
        "type": "Transitive",
        "resolved": "4.5.3",
        "contentHash": "3oDzvc/zzetpTKWMShs1AADwZjQ/36HnsufHRPcOjyRAAMLDlu2iD33MBI2opxnezcVUtXyqDXXjoFMOU9c7SA=="
      },
      "System.Memory.Data": {
        "type": "Transitive",
        "resolved": "1.0.2",
        "contentHash": "JGkzeqgBsiZwKJZ1IxPNsDFZDhUvuEdX8L8BDC8N3KOj+6zMcNU28CNN59TpZE/VJYy9cP+5M+sbxtWJx3/xtw==",
        "dependencies": {
          "System.Text.Encodings.Web": "4.7.2",
          "System.Text.Json": "4.6.0"
        }
      },
      "System.Numerics.Vectors": {
        "type": "Transitive",
        "resolved": "4.5.0",
        "contentHash": "QQTlPTl06J/iiDbJCiepZ4H//BVraReU4O4EoRw1U02H5TLUIT7xn3GnDp9AXPSlJUDyFs4uWjWafNX6WrAojQ=="
      },
      "System.Reflection": {
        "type": "Transitive",
        "resolved": "4.3.0",
        "contentHash": "KMiAFoW7MfJGa9nDFNcfu+FpEdiHpWgTcS2HdMpDvt9saK3y/G4GwprPyzqjFH9NTaGPQeWNHU+iDlDILj96aQ==",
        "dependencies": {
          "Microsoft.NETCore.Platforms": "1.1.0",
          "Microsoft.NETCore.Targets": "1.1.0",
          "System.IO": "4.3.0",
          "System.Reflection.Primitives": "4.3.0",
          "System.Runtime": "4.3.0"
        }
      },
      "System.Reflection.Primitives": {
        "type": "Transitive",
        "resolved": "4.3.0",
        "contentHash": "5RXItQz5As4xN2/YUDxdpsEkMhvw3e6aNveFXUn4Hl/udNTCNhnKp8lT9fnc3MhvGKh1baak5CovpuQUXHAlIA==",
        "dependencies": {
          "Microsoft.NETCore.Platforms": "1.1.0",
          "Microsoft.NETCore.Targets": "1.1.0",
          "System.Runtime": "4.3.0"
        }
      },
      "System.Resources.ResourceManager": {
        "type": "Transitive",
        "resolved": "4.3.0",
        "contentHash": "/zrcPkkWdZmI4F92gL/TPumP98AVDu/Wxr3CSJGQQ+XN6wbRZcyfSKVoPo17ilb3iOr0cCRqJInGwNMolqhS8A==",
        "dependencies": {
          "Microsoft.NETCore.Platforms": "1.1.0",
          "Microsoft.NETCore.Targets": "1.1.0",
          "System.Globalization": "4.3.0",
          "System.Reflection": "4.3.0",
          "System.Runtime": "4.3.0"
        }
      },
      "System.Runtime": {
        "type": "Transitive",
        "resolved": "4.3.0",
        "contentHash": "JufQi0vPQ0xGnAczR13AUFglDyVYt4Kqnz1AZaiKZ5+GICq0/1MH/mO/eAJHt/mHW1zjKBJd7kV26SrxddAhiw==",
        "dependencies": {
          "Microsoft.NETCore.Platforms": "1.1.0",
          "Microsoft.NETCore.Targets": "1.1.0"
        }
      },
      "System.Runtime.Extensions": {
        "type": "Transitive",
        "resolved": "4.3.0",
        "contentHash": "guW0uK0fn5fcJJ1tJVXYd7/1h5F+pea1r7FLSOz/f8vPEqbR2ZAknuRDvTQ8PzAilDveOxNjSfr0CHfIQfFk8g==",
        "dependencies": {
          "Microsoft.NETCore.Platforms": "1.1.0",
          "Microsoft.NETCore.Targets": "1.1.0",
          "System.Runtime": "4.3.0"
        }
      },
      "System.Security.Claims": {
        "type": "Transitive",
        "resolved": "4.3.0",
        "contentHash": "P/+BR/2lnc4PNDHt/TPBAWHVMLMRHsyYZbU1NphW4HIWzCggz8mJbTQQ3MKljFE7LS3WagmVFuBgoLcFzYXlkA==",
        "dependencies": {
          "System.Collections": "4.3.0",
          "System.Globalization": "4.3.0",
          "System.IO": "4.3.0",
          "System.Resources.ResourceManager": "4.3.0",
          "System.Runtime": "4.3.0",
          "System.Runtime.Extensions": "4.3.0",
          "System.Security.Principal": "4.3.0"
        }
      },
      "System.Security.Cryptography.Cng": {
        "type": "Transitive",
        "resolved": "4.5.0",
        "contentHash": "WG3r7EyjUe9CMPFSs6bty5doUqT+q9pbI80hlNzo2SkPkZ4VTuZkGWjpp77JB8+uaL4DFPRdBsAY+DX3dBK92A=="
      },
      "System.Security.Cryptography.Pkcs": {
        "type": "Transitive",
        "resolved": "7.0.2",
        "contentHash": "xhFNJOcQSWhpiVGLLBQYoxAltQSQVycMkwaX1z7I7oEdT9Wr0HzSM1yeAbfoHaERIYd5s6EpLSOLs2qMchSKlA==",
        "dependencies": {
          "System.Formats.Asn1": "7.0.0"
        }
      },
      "System.Security.Cryptography.ProtectedData": {
        "type": "Transitive",
        "resolved": "4.5.0",
        "contentHash": "wLBKzFnDCxP12VL9ANydSYhk59fC4cvOr9ypYQLPnAj48NQIhqnjdD2yhP8yEKyBJEjERWS9DisKL7rX5eU25Q=="
      },
      "System.Security.Cryptography.Xml": {
        "type": "Transitive",
        "resolved": "7.0.1",
        "contentHash": "MCxBCtH0GrDuvU63ZODwQHQZPchb24pUAX3MfZ6b13qg246ZD10PRdOvay8C9HBPfCXkymUNwFPEegud7ax2zg==",
        "dependencies": {
          "System.Security.Cryptography.Pkcs": "7.0.0"
        }
      },
      "System.Security.Principal": {
        "type": "Transitive",
        "resolved": "4.3.0",
        "contentHash": "I1tkfQlAoMM2URscUtpcRo/hX0jinXx6a/KUtEQoz3owaYwl3qwsO8cbzYVVnjxrzxjHo3nJC+62uolgeGIS9A==",
        "dependencies": {
          "System.Runtime": "4.3.0"
        }
      },
      "System.Text.Encoding": {
        "type": "Transitive",
        "resolved": "4.3.0",
        "contentHash": "BiIg+KWaSDOITze6jGQynxg64naAPtqGHBwDrLaCtixsa5bKiR8dpPOHA7ge3C0JJQizJE+sfkz1wV+BAKAYZw==",
        "dependencies": {
          "Microsoft.NETCore.Platforms": "1.1.0",
          "Microsoft.NETCore.Targets": "1.1.0",
          "System.Runtime": "4.3.0"
        }
      },
      "System.Text.Encodings.Web": {
        "type": "Transitive",
        "resolved": "7.0.0",
        "contentHash": "OP6umVGxc0Z0MvZQBVigj4/U31Pw72ITihDWP9WiWDm+q5aoe0GaJivsfYGq53o6dxH7DcXWiCTl7+0o2CGdmg=="
      },
      "System.Text.Json": {
        "type": "Transitive",
        "resolved": "7.0.0",
        "contentHash": "DaGSsVqKsn/ia6RG8frjwmJonfos0srquhw09TlT8KRw5I43E+4gs+/bZj4K0vShJ5H9imCuXupb4RmS+dBy3w==",
        "dependencies": {
          "System.Text.Encodings.Web": "7.0.0"
        }
      },
      "System.Threading.Tasks": {
        "type": "Transitive",
        "resolved": "4.3.0",
        "contentHash": "LbSxKEdOUhVe8BezB/9uOGGppt+nZf6e1VFyw6v3DN6lqitm0OSn2uXMOdtP0M3W4iMcqcivm2J6UgqiwwnXiA==",
        "dependencies": {
          "Microsoft.NETCore.Platforms": "1.1.0",
          "Microsoft.NETCore.Targets": "1.1.0",
          "System.Runtime": "4.3.0"
        }
      },
      "System.Threading.Tasks.Extensions": {
        "type": "Transitive",
        "resolved": "4.5.4",
        "contentHash": "zteT+G8xuGu6mS+mzDzYXbzS7rd3K6Fjb9RiZlYlJPam2/hU7JCBZBVEcywNuR+oZ1ncTvc/cq0faRr3P01OVg=="
      }
    }
  }
}